{
  "requires": true,
  "lockfileVersion": 1,
  "dependencies": {
    "format-string-by-pattern": {
      "version": "1.2.1",
      "resolved": "https://registry.npmjs.org/format-string-by-pattern/-/format-string-by-pattern-1.2.1.tgz",
      "integrity": "sha512-x7JY+q8XvBmHCf4ZSQiiG+8fmC02oiei1JoAsUcdHcy8Kn6LwaE1KUlQ8ph3fNnIcWY65B3aVuKArdbAEQxpLg=="
    }
  }
}
